
Microsoft Visual Studio Solution File, Format Version 12.00
# Visual Studio Version 17
VisualStudioVersion = 17.14.36414.22 d17.14
MinimumVisualStudioVersion = 10.0.40219.1
Project("{FAE04EC0-301F-11D3-BF4B-00C04F79EFBC}") = "betrayal-hill", "betrayal-hill.csproj", "{06864F20-4A69-4220-89F0-95D2A4B658FA}"
EndProject
Global
	GlobalSection(SolutionConfigurationPlatforms) = preSolution
		Debug|Any CPU = Debug|Any CPU
		Release|Any CPU = Release|Any CPU
	EndGlobalSection
	GlobalSection(ProjectConfigurationPlatforms) = postSolution
		{06864F20-4A69-4220-89F0-95D2A4B658FA}.Debug|Any CPU.ActiveCfg = Debug|Any CPU
		{06864F20-4A69-4220-89F0-95D2A4B658FA}.Debug|Any CPU.Build.0 = Debug|Any CPU
		{06864F20-4A69-4220-89F0-95D2A4B658FA}.Release|Any CPU.ActiveCfg = Release|Any CPU
		{06864F20-4A69-4220-89F0-95D2A4B658FA}.Release|Any CPU.Build.0 = Release|Any CPU
	EndGlobalSection
	GlobalSection(SolutionProperties) = preSolution
		HideSolutionNode = FALSE
	EndGlobalSection
	GlobalSection(ExtensibilityGlobals) = postSolution
		SolutionGuid = {66429CF9-253E-4D58-A776-F38679BC82F7}
	EndGlobalSection
EndGlobal
